
Microsoft Visual Studio Solution File, Format Version 11.00
# Visual Studio 2010
Project("{FAE04EC0-301F-11D3-BF4B-00C04F79EFBC}") = "Consequential KillerBot", "Consequential KillerBot\Consequential KillerBot.csproj", "{428BABC3-EDAD-4E6D-871F-0925E2AAB5B7}"
EndProject
Global
	GlobalSection(SolutionConfigurationPlatforms) = preSolution
		Debug|Any CPU = Debug|Any CPU
		Release|Any CPU = Release|Any CPU
	EndGlobalSection
	GlobalSection(ProjectConfigurationPlatforms) = postSolution
		{428BABC3-EDAD-4E6D-871F-0925E2AAB5B7}.Debug|Any CPU.ActiveCfg = Debug|Any CPU
		{428BABC3-EDAD-4E6D-871F-0925E2AAB5B7}.Debug|Any CPU.Build.0 = Debug|Any CPU
		{428BABC3-EDAD-4E6D-871F-0925E2AAB5B7}.Release|Any CPU.ActiveCfg = Release|Any CPU
		{428BABC3-EDAD-4E6D-871F-0925E2AAB5B7}.Release|Any CPU.Build.0 = Release|Any CPU
	EndGlobalSection
	GlobalSection(SolutionProperties) = preSolution
		HideSolutionNode = FALSE
	EndGlobalSection
EndGlobal
